
Microsoft Visual Studio Solution File, Format Version 12.00
# Visual Studio Version 17
VisualStudioVersion = 17.7.34024.191
MinimumVisualStudioVersion = 10.0.40219.1
Project("{8BC9CEB8-8B4A-11D0-8D11-00A0C91BC942}") = "tomorites", "tomorites\tomorites.vcxproj", "{CE1DDCD4-43D9-498C-8BD2-9C894CE6348B}"
EndProject
Global
	GlobalSection(SolutionConfigurationPlatforms) = preSolution
		Debug|x64 = Debug|x64
		Debug|x86 = Debug|x86
		Release|x64 = Release|x64
		Release|x86 = Release|x86
	EndGlobalSection
	GlobalSection(ProjectConfigurationPlatforms) = postSolution
		{CE1DDCD4-43D9-498C-8BD2-9C894CE6348B}.Debug|x64.ActiveCfg = Debug|x64
		{CE1DDCD4-43D9-498C-8BD2-9C894CE6348B}.Debug|x64.Build.0 = Debug|x64
		{CE1DDCD4-43D9-498C-8BD2-9C894CE6348B}.Debug|x86.ActiveCfg = Debug|Win32
		{CE1DDCD4-43D9-498C-8BD2-9C894CE6348B}.Debug|x86.Build.0 = Debug|Win32
		{CE1DDCD4-43D9-498C-8BD2-9C894CE6348B}.Release|x64.ActiveCfg = Release|x64
		{CE1DDCD4-43D9-498C-8BD2-9C894CE6348B}.Release|x64.Build.0 = Release|x64
		{CE1DDCD4-43D9-498C-8BD2-9C894CE6348B}.Release|x86.ActiveCfg = Release|Win32
		{CE1DDCD4-43D9-498C-8BD2-9C894CE6348B}.Release|x86.Build.0 = Release|Win32
	EndGlobalSection
	GlobalSection(SolutionProperties) = preSolution
		HideSolutionNode = FALSE
	EndGlobalSection
	GlobalSection(ExtensibilityGlobals) = postSolution
		SolutionGuid = {147EDCB8-FDDD-40D6-85B8-3ACA0B70A1E0}
	EndGlobalSection
EndGlobal
